// !$*UTF8*$!
{
	archiveVersion = 1;
	classes = {
	};
	objectVersion = 50;
	objects = {

/* Begin PBXAggregateTarget section */
		4B4CB5AC2486B309005C5428 /* all */ = {
			isa = PBXAggregateTarget;
			buildConfigurationList = 4B4CB5AD2486B309005C5428 /* Build configuration list for PBXAggregateTarget "all" */;
			buildPhases = (
			);
			dependencies = (
				4B4CB5B12486B31A005C5428 /* PBXTargetDependency */,
				4B4CB5B32486B31A005C5428 /* PBXTargetDependency */,
				4B4CB5B52486B31A005C5428 /* PBXTargetDependency */,
				4B4CB5B72486B31A005C5428 /* PBXTargetDependency */,
			);
			name = all;
			productName = all;
		};
/* End PBXAggregateTarget section */

/* Begin PBXBuildFile section */
		4B4CB5972486B2BE005C5428 /* echo.c in Sources */ = {isa = PBXBuildFile; fileRef = 4B4CB57A24868E3A005C5428 /* echo.c */; };
		4B4CB5A12486B2E0005C5428 /* false.c in Sources */ = {isa = PBXBuildFile; fileRef = 4B4CB57E24868E3A005C5428 /* false.c */; };
		4B4CB5AB2486B2F8005C5428 /* true.c in Sources */ = {isa = PBXBuildFile; fileRef = 4B4CB57F24868E3A005C5428 /* true.c */; };
		4B55D93D2475208900CE8C38 /* nihtest.cc in Sources */ = {isa = PBXBuildFile; fileRef = 4B55D93B2475208900CE8C38 /* nihtest.cc */; };
		4B55D94D24756B0E00CE8C38 /* Test.cc in Sources */ = {isa = PBXBuildFile; fileRef = 4B55D94B24756B0E00CE8C38 /* Test.cc */; };
		4B55D950247573D500CE8C38 /* OS-Unix.cc in Sources */ = {isa = PBXBuildFile; fileRef = 4B55D94E247573D500CE8C38 /* OS-Unix.cc */; };
		4B55D9522475745700CE8C38 /* OS.cc in Sources */ = {isa = PBXBuildFile; fileRef = 4B55D9512475745700CE8C38 /* OS.cc */; };
		4B55D95C2476C78D00CE8C38 /* Exception.cc in Sources */ = {isa = PBXBuildFile; fileRef = 4B55D95A2476C78D00CE8C38 /* Exception.cc */; };
		4B55D95F2478249B00CE8C38 /* Parser.cc in Sources */ = {isa = PBXBuildFile; fileRef = 4B55D95D2478249B00CE8C38 /* Parser.cc */; };
		4B79E98C248172B40038438C /* Configuration.cc in Sources */ = {isa = PBXBuildFile; fileRef = 4B79E98A248172B40038438C /* Configuration.cc */; };
		4BD78B81247E6AF800F9D720 /* CompareFiles.cc in Sources */ = {isa = PBXBuildFile; fileRef = 4BD78B7F247E6AF800F9D720 /* CompareFiles.cc */; };
		4BF1D825247CF90000353959 /* OS-Unix-run.cc in Sources */ = {isa = PBXBuildFile; fileRef = 4BF1D824247CF90000353959 /* OS-Unix-run.cc */; };
		4BF1D828247D242900353959 /* CompareArrays.cc in Sources */ = {isa = PBXBuildFile; fileRef = 4BF1D826247D242900353959 /* CompareArrays.cc */; };
/* End PBXBuildFile section */

/* Begin PBXContainerItemProxy section */
		4B4CB5B02486B31A005C5428 /* PBXContainerItemProxy */ = {
			isa = PBXContainerItemProxy;
			containerPortal = 4B55D92624751DD300CE8C38 /* Project object */;
			proxyType = 1;
			remoteGlobalIDString = 4B4CB58F2486B2AA005C5428;
			remoteInfo = echo;
		};
		4B4CB5B22486B31A005C5428 /* PBXContainerItemProxy */ = {
			isa = PBXContainerItemProxy;
			containerPortal = 4B55D92624751DD300CE8C38 /* Project object */;
			proxyType = 1;
			remoteGlobalIDString = 4B4CB5982486B2D1005C5428;
			remoteInfo = false;
		};
		4B4CB5B42486B31A005C5428 /* PBXContainerItemProxy */ = {
			isa = PBXContainerItemProxy;
			containerPortal = 4B55D92624751DD300CE8C38 /* Project object */;
			proxyType = 1;
			remoteGlobalIDString = 4B55D92D24751DD300CE8C38;
			remoteInfo = nihtest;
		};
		4B4CB5B62486B31A005C5428 /* PBXContainerItemProxy */ = {
			isa = PBXContainerItemProxy;
			containerPortal = 4B55D92624751DD300CE8C38 /* Project object */;
			proxyType = 1;
			remoteGlobalIDString = 4B4CB5A22486B2E5005C5428;
			remoteInfo = true;
		};
/* End PBXContainerItemProxy section */

/* Begin PBXCopyFilesBuildPhase section */
		4B4CB58E2486B2AA005C5428 /* CopyFiles */ = {
			isa = PBXCopyFilesBuildPhase;
			buildActionMask = 2147483647;
			dstPath = /usr/share/man/man1/;
			dstSubfolderSpec = 0;
			files = (
			);
			runOnlyForDeploymentPostprocessing = 1;
		};
		4B4CB59C2486B2D1005C5428 /* CopyFiles */ = {
			isa = PBXCopyFilesBuildPhase;
			buildActionMask = 2147483647;
			dstPath = /usr/share/man/man1/;
			dstSubfolderSpec = 0;
			files = (
			);
			runOnlyForDeploymentPostprocessing = 1;
		};
		4B4CB5A62486B2E5005C5428 /* CopyFiles */ = {
			isa = PBXCopyFilesBuildPhase;
			buildActionMask = 2147483647;
			dstPath = /usr/share/man/man1/;
			dstSubfolderSpec = 0;
			files = (
			);
			runOnlyForDeploymentPostprocessing = 1;
		};
		4B55D92C24751DD300CE8C38 /* CopyFiles */ = {
			isa = PBXCopyFilesBuildPhase;
			buildActionMask = 2147483647;
			dstPath = /usr/share/man/man1/;
			dstSubfolderSpec = 0;
			files = (
			);
			runOnlyForDeploymentPostprocessing = 1;
		};
/* End PBXCopyFilesBuildPhase section */

/* Begin PBXFileReference section */
		4B467DF8248799D0007E631D /* nihtest-config.mdoc */ = {isa = PBXFileReference; fileEncoding = 4; lastKnownFileType = text; path = "nihtest-config.mdoc"; sourceTree = "<group>"; };
		4B467DF9248799D0007E631D /* nihtest-case.mdoc */ = {isa = PBXFileReference; fileEncoding = 4; lastKnownFileType = text; path = "nihtest-case.mdoc"; sourceTree = "<group>"; };
		4B467DFA248799D0007E631D /* nihtest.mdoc */ = {isa = PBXFileReference; fileEncoding = 4; lastKnownFileType = text; path = nihtest.mdoc; sourceTree = "<group>"; };
		4B4CB57A24868E3A005C5428 /* echo.c */ = {isa = PBXFileReference; lastKnownFileType = sourcecode.c.c; path = echo.c; sourceTree = "<group>"; };
		4B4CB57B24868E3A005C5428 /* CMakeLists.txt */ = {isa = PBXFileReference; lastKnownFileType = text; path = CMakeLists.txt; sourceTree = "<group>"; };
		4B4CB57C24868E3A005C5428 /* true-fail.test */ = {isa = PBXFileReference; lastKnownFileType = text; path = "true-fail.test"; sourceTree = "<group>"; };
		4B4CB57D24868E3A005C5428 /* false-pass.test */ = {isa = PBXFileReference; lastKnownFileType = text; path = "false-pass.test"; sourceTree = "<group>"; };
		4B4CB57E24868E3A005C5428 /* false.c */ = {isa = PBXFileReference; lastKnownFileType = sourcecode.c.c; path = false.c; sourceTree = "<group>"; };
		4B4CB57F24868E3A005C5428 /* true.c */ = {isa = PBXFileReference; lastKnownFileType = sourcecode.c.c; path = true.c; sourceTree = "<group>"; };
		4B4CB58024868E3A005C5428 /* nihtest.conf.in */ = {isa = PBXFileReference; lastKnownFileType = text; path = nihtest.conf.in; sourceTree = "<group>"; };
		4B4CB58124868E3A005C5428 /* false-fail.test */ = {isa = PBXFileReference; lastKnownFileType = text; path = "false-fail.test"; sourceTree = "<group>"; };
		4B4CB58224868E3A005C5428 /* true-pass.test */ = {isa = PBXFileReference; lastKnownFileType = text; path = "true-pass.test"; sourceTree = "<group>"; };
		4B4CB5832486B1C9005C5428 /* features-pass.test */ = {isa = PBXFileReference; lastKnownFileType = text; path = "features-pass.test"; sourceTree = "<group>"; };
		4B4CB5842486B1C9005C5428 /* features-skip.test */ = {isa = PBXFileReference; lastKnownFileType = text; path = "features-skip.test"; sourceTree = "<group>"; };
		4B4CB5852486B1C9005C5428 /* description-pass.test */ = {isa = PBXFileReference; lastKnownFileType = text; path = "description-pass.test"; sourceTree = "<group>"; };
		4B4CB5862486B1C9005C5428 /* stderr-fail.test */ = {isa = PBXFileReference; lastKnownFileType = text; path = "stderr-fail.test"; sourceTree = "<group>"; };
		4B4CB5872486B1CA005C5428 /* stdout-pass.test */ = {isa = PBXFileReference; lastKnownFileType = text; path = "stdout-pass.test"; sourceTree = "<group>"; };
		4B4CB5882486B1CA005C5428 /* stderr-pass.test */ = {isa = PBXFileReference; lastKnownFileType = text; path = "stderr-pass.test"; sourceTree = "<group>"; };
		4B4CB5892486B1CA005C5428 /* features-fail.test */ = {isa = PBXFileReference; lastKnownFileType = text; path = "features-fail.test"; sourceTree = "<group>"; };
		4B4CB58A2486B1CA005C5428 /* stdout-fail.test */ = {isa = PBXFileReference; lastKnownFileType = text; path = "stdout-fail.test"; sourceTree = "<group>"; };
		4B4CB5902486B2AA005C5428 /* echo */ = {isa = PBXFileReference; explicitFileType = "compiled.mach-o.executable"; includeInIndex = 0; path = echo; sourceTree = BUILT_PRODUCTS_DIR; };
		4B4CB5A02486B2D1005C5428 /* false */ = {isa = PBXFileReference; explicitFileType = "compiled.mach-o.executable"; includeInIndex = 0; path = false; sourceTree = BUILT_PRODUCTS_DIR; };
		4B4CB5AA2486B2E5005C5428 /* true */ = {isa = PBXFileReference; explicitFileType = "compiled.mach-o.executable"; includeInIndex = 0; path = true; sourceTree = BUILT_PRODUCTS_DIR; };
		4B55D92E24751DD300CE8C38 /* nihtest */ = {isa = PBXFileReference; explicitFileType = "compiled.mach-o.executable"; includeInIndex = 0; path = nihtest; sourceTree = BUILT_PRODUCTS_DIR; };
		4B55D93924751FE300CE8C38 /* NiHTest.pm */ = {isa = PBXFileReference; lastKnownFileType = text.script.perl; name = NiHTest.pm; path = ../NiHTest.pm; sourceTree = "<group>"; };
		4B55D93A24751FE300CE8C38 /* runtest.in */ = {isa = PBXFileReference; lastKnownFileType = text; name = runtest.in; path = ../runtest.in; sourceTree = "<group>"; };
		4B55D93B2475208900CE8C38 /* nihtest.cc */ = {isa = PBXFileReference; lastKnownFileType = sourcecode.cpp.cpp; path = nihtest.cc; sourceTree = "<group>"; };
		4B55D93C2475208900CE8C38 /* nihtest.h */ = {isa = PBXFileReference; lastKnownFileType = sourcecode.c.h; path = nihtest.h; sourceTree = "<group>"; };
		4B55D93E2475271500CE8C38 /* CMakeLists.txt */ = {isa = PBXFileReference; lastKnownFileType = text; path = CMakeLists.txt; sourceTree = "<group>"; };
		4B55D941247527EF00CE8C38 /* CMakeLists.txt */ = {isa = PBXFileReference; lastKnownFileType = text; path = CMakeLists.txt; sourceTree = "<group>"; };
		4B55D94224752A5000CE8C38 /* cmake-config.h.in */ = {isa = PBXFileReference; lastKnownFileType = text; path = "cmake-config.h.in"; sourceTree = "<group>"; };
		4B55D944247530E200CE8C38 /* getprogname.c */ = {isa = PBXFileReference; lastKnownFileType = sourcecode.c.c; path = getprogname.c; sourceTree = "<group>"; };
		4B55D945247530E200CE8C38 /* getopt_long.c */ = {isa = PBXFileReference; lastKnownFileType = sourcecode.c.c; path = getopt_long.c; sourceTree = "<group>"; };
		4B55D946247530E200CE8C38 /* getopt_long.h */ = {isa = PBXFileReference; lastKnownFileType = sourcecode.c.h; path = getopt_long.h; sourceTree = "<group>"; };
		4B55D947247530EF00CE8C38 /* compat.h */ = {isa = PBXFileReference; fileEncoding = 4; lastKnownFileType = sourcecode.c.h; path = compat.h; sourceTree = "<group>"; };
		4B55D94B24756B0E00CE8C38 /* Test.cc */ = {isa = PBXFileReference; lastKnownFileType = sourcecode.cpp.cpp; path = Test.cc; sourceTree = "<group>"; tabWidth = 8; };
		4B55D94C24756B0E00CE8C38 /* Test.h */ = {isa = PBXFileReference; lastKnownFileType = sourcecode.c.h; path = Test.h; sourceTree = "<group>"; };
		4B55D94E247573D500CE8C38 /* OS-Unix.cc */ = {isa = PBXFileReference; lastKnownFileType = sourcecode.cpp.cpp; path = "OS-Unix.cc"; sourceTree = "<group>"; };
		4B55D94F247573D500CE8C38 /* OS.h */ = {isa = PBXFileReference; lastKnownFileType = sourcecode.c.h; path = OS.h; sourceTree = "<group>"; };
		4B55D9512475745700CE8C38 /* OS.cc */ = {isa = PBXFileReference; lastKnownFileType = sourcecode.cpp.cpp; path = OS.cc; sourceTree = "<group>"; };
		4B55D9532475783400CE8C38 /* OS-Windows.cc */ = {isa = PBXFileReference; fileEncoding = 4; lastKnownFileType = sourcecode.cpp.cpp; path = "OS-Windows.cc"; sourceTree = "<group>"; };
		4B55D95624767D4900CE8C38 /* README.md */ = {isa = PBXFileReference; lastKnownFileType = net.daringfireball.markdown; path = README.md; sourceTree = "<group>"; };
		4B55D95724767D4900CE8C38 /* TODO.md */ = {isa = PBXFileReference; lastKnownFileType = net.daringfireball.markdown; path = TODO.md; sourceTree = "<group>"; };
		4B55D95824767D4900CE8C38 /* LICENSE */ = {isa = PBXFileReference; lastKnownFileType = text; path = LICENSE; sourceTree = "<group>"; };
		4B55D95924767D5400CE8C38 /* appveyor.yml */ = {isa = PBXFileReference; lastKnownFileType = text.yaml; path = appveyor.yml; sourceTree = "<group>"; };
		4B55D95A2476C78D00CE8C38 /* Exception.cc */ = {isa = PBXFileReference; lastKnownFileType = sourcecode.cpp.cpp; path = Exception.cc; sourceTree = "<group>"; };
		4B55D95B2476C78D00CE8C38 /* Exception.h */ = {isa = PBXFileReference; lastKnownFileType = sourcecode.c.h; path = Exception.h; sourceTree = "<group>"; };
		4B55D95D2478249B00CE8C38 /* Parser.cc */ = {isa = PBXFileReference; lastKnownFileType = sourcecode.cpp.cpp; path = Parser.cc; sourceTree = "<group>"; };
		4B55D95E2478249B00CE8C38 /* Parser.h */ = {isa = PBXFileReference; lastKnownFileType = sourcecode.c.h; path = Parser.h; sourceTree = "<group>"; };
		4B79E98A248172B40038438C /* Configuration.cc */ = {isa = PBXFileReference; lastKnownFileType = sourcecode.cpp.cpp; path = Configuration.cc; sourceTree = "<group>"; };
		4B79E98B248172B40038438C /* Configuration.h */ = {isa = PBXFileReference; lastKnownFileType = sourcecode.c.h; path = Configuration.h; sourceTree = "<group>"; };
		4BD78B7F247E6AF800F9D720 /* CompareFiles.cc */ = {isa = PBXFileReference; lastKnownFileType = sourcecode.cpp.cpp; path = CompareFiles.cc; sourceTree = "<group>"; };
		4BD78B80247E6AF800F9D720 /* CompareFiles.h */ = {isa = PBXFileReference; lastKnownFileType = sourcecode.c.h; path = CompareFiles.h; sourceTree = "<group>"; };
		4BF1D824247CF90000353959 /* OS-Unix-run.cc */ = {isa = PBXFileReference; fileEncoding = 4; lastKnownFileType = sourcecode.cpp.cpp; path = "OS-Unix-run.cc"; sourceTree = "<group>"; };
		4BF1D826247D242900353959 /* CompareArrays.cc */ = {isa = PBXFileReference; lastKnownFileType = sourcecode.cpp.cpp; path = CompareArrays.cc; sourceTree = "<group>"; };
		4BF1D827247D242900353959 /* CompareArrays.h */ = {isa = PBXFileReference; lastKnownFileType = sourcecode.c.h; path = CompareArrays.h; sourceTree = "<group>"; };
/* End PBXFileReference section */

/* Begin PBXFrameworksBuildPhase section */
		4B4CB58D2486B2AA005C5428 /* Frameworks */ = {
			isa = PBXFrameworksBuildPhase;
			buildActionMask = 2147483647;
			files = (
			);
			runOnlyForDeploymentPostprocessing = 0;
		};
		4B4CB59B2486B2D1005C5428 /* Frameworks */ = {
			isa = PBXFrameworksBuildPhase;
			buildActionMask = 2147483647;
			files = (
			);
			runOnlyForDeploymentPostprocessing = 0;
		};
		4B4CB5A52486B2E5005C5428 /* Frameworks */ = {
			isa = PBXFrameworksBuildPhase;
			buildActionMask = 2147483647;
			files = (
			);
			runOnlyForDeploymentPostprocessing = 0;
		};
		4B55D92B24751DD300CE8C38 /* Frameworks */ = {
			isa = PBXFrameworksBuildPhase;
			buildActionMask = 2147483647;
			files = (
			);
			runOnlyForDeploymentPostprocessing = 0;
		};
/* End PBXFrameworksBuildPhase section */

/* Begin PBXGroup section */
		4B467DF7248799D0007E631D /* man */ = {
			isa = PBXGroup;
			children = (
				4B467DF8248799D0007E631D /* nihtest-config.mdoc */,
				4B467DF9248799D0007E631D /* nihtest-case.mdoc */,
				4B467DFA248799D0007E631D /* nihtest.mdoc */,
			);
			name = man;
			path = ../man;
			sourceTree = "<group>";
		};
		4B4CB58B2486B1E0005C5428 /* test cases */ = {
			isa = PBXGroup;
			children = (
				4B4CB5852486B1C9005C5428 /* description-pass.test */,
				4B4CB58124868E3A005C5428 /* false-fail.test */,
				4B4CB57D24868E3A005C5428 /* false-pass.test */,
				4B4CB5892486B1CA005C5428 /* features-fail.test */,
				4B4CB5832486B1C9005C5428 /* features-pass.test */,
				4B4CB5842486B1C9005C5428 /* features-skip.test */,
				4B4CB5862486B1C9005C5428 /* stderr-fail.test */,
				4B4CB5882486B1CA005C5428 /* stderr-pass.test */,
				4B4CB58A2486B1CA005C5428 /* stdout-fail.test */,
				4B4CB5872486B1CA005C5428 /* stdout-pass.test */,
				4B4CB57C24868E3A005C5428 /* true-fail.test */,
				4B4CB58224868E3A005C5428 /* true-pass.test */,
			);
			name = "test cases";
			sourceTree = "<group>";
		};
		4B55D92524751DD300CE8C38 = {
			isa = PBXGroup;
			children = (
				4B55D95524767D2E00CE8C38 /* Info */,
				4B55D940247527CC00CE8C38 /* Build */,
				4B55D93024751DD300CE8C38 /* nihtest */,
				4BF1D829247D2CA300353959 /* regress */,
				4B467DF7248799D0007E631D /* man */,
				4B55D93824751FCA00CE8C38 /* perl */,
				4B55D92F24751DD300CE8C38 /* Products */,
			);
			sourceTree = "<group>";
			tabWidth = 8;
		};
		4B55D92F24751DD300CE8C38 /* Products */ = {
			isa = PBXGroup;
			children = (
				4B55D92E24751DD300CE8C38 /* nihtest */,
				4B4CB5902486B2AA005C5428 /* echo */,
				4B4CB5A02486B2D1005C5428 /* false */,
				4B4CB5AA2486B2E5005C5428 /* true */,
			);
			name = Products;
			sourceTree = "<group>";
		};
		4B55D93024751DD300CE8C38 /* nihtest */ = {
			isa = PBXGroup;
			children = (
				4B55D93E2475271500CE8C38 /* CMakeLists.txt */,
				4BF1D826247D242900353959 /* CompareArrays.cc */,
				4BF1D827247D242900353959 /* CompareArrays.h */,
				4BD78B7F247E6AF800F9D720 /* CompareFiles.cc */,
				4BD78B80247E6AF800F9D720 /* CompareFiles.h */,
				4B55D943247530CF00CE8C38 /* compat */,
				4B79E98A248172B40038438C /* Configuration.cc */,
				4B79E98B248172B40038438C /* Configuration.h */,
				4B55D95A2476C78D00CE8C38 /* Exception.cc */,
				4B55D95B2476C78D00CE8C38 /* Exception.h */,
				4B55D93B2475208900CE8C38 /* nihtest.cc */,
				4B55D93C2475208900CE8C38 /* nihtest.h */,
				4BF1D824247CF90000353959 /* OS-Unix-run.cc */,
				4B55D94E247573D500CE8C38 /* OS-Unix.cc */,
				4B55D9532475783400CE8C38 /* OS-Windows.cc */,
				4B55D9512475745700CE8C38 /* OS.cc */,
				4B55D94F247573D500CE8C38 /* OS.h */,
				4B55D95D2478249B00CE8C38 /* Parser.cc */,
				4B55D95E2478249B00CE8C38 /* Parser.h */,
				4B55D94B24756B0E00CE8C38 /* Test.cc */,
				4B55D94C24756B0E00CE8C38 /* Test.h */,
			);
			name = nihtest;
			path = ../src;
			sourceTree = "<group>";
		};
		4B55D93824751FCA00CE8C38 /* perl */ = {
			isa = PBXGroup;
			children = (
				4B55D93924751FE300CE8C38 /* NiHTest.pm */,
				4B55D93A24751FE300CE8C38 /* runtest.in */,
			);
			name = perl;
			sourceTree = "<group>";
		};
		4B55D940247527CC00CE8C38 /* Build */ = {
			isa = PBXGroup;
			children = (
				4B55D95924767D5400CE8C38 /* appveyor.yml */,
				4B55D94224752A5000CE8C38 /* cmake-config.h.in */,
				4B55D941247527EF00CE8C38 /* CMakeLists.txt */,
			);
			name = Build;
			path = ..;
			sourceTree = "<group>";
		};
		4B55D943247530CF00CE8C38 /* compat */ = {
			isa = PBXGroup;
			children = (
				4B55D947247530EF00CE8C38 /* compat.h */,
				4B55D945247530E200CE8C38 /* getopt_long.c */,
				4B55D946247530E200CE8C38 /* getopt_long.h */,
				4B55D944247530E200CE8C38 /* getprogname.c */,
			);
			name = compat;
			sourceTree = "<group>";
		};
		4B55D95524767D2E00CE8C38 /* Info */ = {
			isa = PBXGroup;
			children = (
				4B55D95824767D4900CE8C38 /* LICENSE */,
				4B55D95624767D4900CE8C38 /* README.md */,
				4B55D95724767D4900CE8C38 /* TODO.md */,
			);
			name = Info;
			path = ..;
			sourceTree = "<group>";
		};
		4BF1D829247D2CA300353959 /* regress */ = {
			isa = PBXGroup;
			children = (
				4B4CB57B24868E3A005C5428 /* CMakeLists.txt */,
				4B4CB57A24868E3A005C5428 /* echo.c */,
				4B4CB57E24868E3A005C5428 /* false.c */,
				4B4CB58024868E3A005C5428 /* nihtest.conf.in */,
				4B4CB58B2486B1E0005C5428 /* test cases */,
				4B4CB57F24868E3A005C5428 /* true.c */,
			);
			name = regress;
			path = ../regress;
			sourceTree = "<group>";
		};
/* End PBXGroup section */

/* Begin PBXNativeTarget section */
		4B4CB58F2486B2AA005C5428 /* echo */ = {
			isa = PBXNativeTarget;
			buildConfigurationList = 4B4CB5942486B2AA005C5428 /* Build configuration list for PBXNativeTarget "echo" */;
			buildPhases = (
				4B4CB58C2486B2AA005C5428 /* Sources */,
				4B4CB58D2486B2AA005C5428 /* Frameworks */,
				4B4CB58E2486B2AA005C5428 /* CopyFiles */,
			);
			buildRules = (
			);
			dependencies = (
			);
			name = echo;
			productName = echo;
			productReference = 4B4CB5902486B2AA005C5428 /* echo */;
			productType = "com.apple.product-type.tool";
		};
		4B4CB5982486B2D1005C5428 /* false */ = {
			isa = PBXNativeTarget;
			buildConfigurationList = 4B4CB59D2486B2D1005C5428 /* Build configuration list for PBXNativeTarget "false" */;
			buildPhases = (
				4B4CB5992486B2D1005C5428 /* Sources */,
				4B4CB59B2486B2D1005C5428 /* Frameworks */,
				4B4CB59C2486B2D1005C5428 /* CopyFiles */,
			);
			buildRules = (
			);
			dependencies = (
			);
			name = false;
			productName = echo;
			productReference = 4B4CB5A02486B2D1005C5428 /* false */;
			productType = "com.apple.product-type.tool";
		};
		4B4CB5A22486B2E5005C5428 /* true */ = {
			isa = PBXNativeTarget;
			buildConfigurationList = 4B4CB5A72486B2E5005C5428 /* Build configuration list for PBXNativeTarget "true" */;
			buildPhases = (
				4B4CB5A32486B2E5005C5428 /* Sources */,
				4B4CB5A52486B2E5005C5428 /* Frameworks */,
				4B4CB5A62486B2E5005C5428 /* CopyFiles */,
			);
			buildRules = (
			);
			dependencies = (
			);
			name = true;
			productName = echo;
			productReference = 4B4CB5AA2486B2E5005C5428 /* true */;
			productType = "com.apple.product-type.tool";
		};
		4B55D92D24751DD300CE8C38 /* nihtest */ = {
			isa = PBXNativeTarget;
			buildConfigurationList = 4B55D93524751DD300CE8C38 /* Build configuration list for PBXNativeTarget "nihtest" */;
			buildPhases = (
				4B55D92A24751DD300CE8C38 /* Sources */,
				4B55D92B24751DD300CE8C38 /* Frameworks */,
				4B55D92C24751DD300CE8C38 /* CopyFiles */,
			);
			buildRules = (
			);
			dependencies = (
			);
			name = nihtest;
			productName = nihtest;
			productReference = 4B55D92E24751DD300CE8C38 /* nihtest */;
			productType = "com.apple.product-type.tool";
		};
/* End PBXNativeTarget section */

/* Begin PBXProject section */
		4B55D92624751DD300CE8C38 /* Project object */ = {
			isa = PBXProject;
			attributes = {
				LastUpgradeCheck = 1150;
				ORGANIZATIONNAME = NiH;
				TargetAttributes = {
					4B4CB58F2486B2AA005C5428 = {
						CreatedOnToolsVersion = 11.5;
					};
					4B4CB5AC2486B309005C5428 = {
						CreatedOnToolsVersion = 11.5;
					};
					4B55D92D24751DD300CE8C38 = {
						CreatedOnToolsVersion = 11.4.1;
					};
				};
			};
			buildConfigurationList = 4B55D92924751DD300CE8C38 /* Build configuration list for PBXProject "NiHTest" */;
			compatibilityVersion = "Xcode 9.3";
			developmentRegion = en;
			hasScannedForEncodings = 0;
			knownRegions = (
				en,
				Base,
			);
			mainGroup = 4B55D92524751DD300CE8C38;
			productRefGroup = 4B55D92F24751DD300CE8C38 /* Products */;
			projectDirPath = "";
			projectRoot = "";
			targets = (
				4B4CB5AC2486B309005C5428 /* all */,
				4B55D92D24751DD300CE8C38 /* nihtest */,
				4B4CB58F2486B2AA005C5428 /* echo */,
				4B4CB5982486B2D1005C5428 /* false */,
				4B4CB5A22486B2E5005C5428 /* true */,
			);
		};
/* End PBXProject section */

/* Begin PBXSourcesBuildPhase section */
		4B4CB58C2486B2AA005C5428 /* Sources */ = {
			isa = PBXSourcesBuildPhase;
			buildActionMask = 2147483647;
			files = (
				4B4CB5972486B2BE005C5428 /* echo.c in Sources */,
			);
			runOnlyForDeploymentPostprocessing = 0;
		};
		4B4CB5992486B2D1005C5428 /* Sources */ = {
			isa = PBXSourcesBuildPhase;
			buildActionMask = 2147483647;
			files = (
				4B4CB5A12486B2E0005C5428 /* false.c in Sources */,
			);
			runOnlyForDeploymentPostprocessing = 0;
		};
		4B4CB5A32486B2E5005C5428 /* Sources */ = {
			isa = PBXSourcesBuildPhase;
			buildActionMask = 2147483647;
			files = (
				4B4CB5AB2486B2F8005C5428 /* true.c in Sources */,
			);
			runOnlyForDeploymentPostprocessing = 0;
		};
		4B55D92A24751DD300CE8C38 /* Sources */ = {
			isa = PBXSourcesBuildPhase;
			buildActionMask = 2147483647;
			files = (
				4B55D9522475745700CE8C38 /* OS.cc in Sources */,
				4BF1D828247D242900353959 /* CompareArrays.cc in Sources */,
				4B55D95C2476C78D00CE8C38 /* Exception.cc in Sources */,
				4B55D95F2478249B00CE8C38 /* Parser.cc in Sources */,
				4B55D94D24756B0E00CE8C38 /* Test.cc in Sources */,
				4BF1D825247CF90000353959 /* OS-Unix-run.cc in Sources */,
				4B55D93D2475208900CE8C38 /* nihtest.cc in Sources */,
				4BD78B81247E6AF800F9D720 /* CompareFiles.cc in Sources */,
				4B79E98C248172B40038438C /* Configuration.cc in Sources */,
				4B55D950247573D500CE8C38 /* OS-Unix.cc in Sources */,
			);
			runOnlyForDeploymentPostprocessing = 0;
		};
/* End PBXSourcesBuildPhase section */

/* Begin PBXTargetDependency section */
		4B4CB5B12486B31A005C5428 /* PBXTargetDependency */ = {
			isa = PBXTargetDependency;
			target = 4B4CB58F2486B2AA005C5428 /* echo */;
			targetProxy = 4B4CB5B02486B31A005C5428 /* PBXContainerItemProxy */;
		};
		4B4CB5B32486B31A005C5428 /* PBXTargetDependency */ = {
			isa = PBXTargetDependency;
			target = 4B4CB5982486B2D1005C5428 /* false */;
			targetProxy = 4B4CB5B22486B31A005C5428 /* PBXContainerItemProxy */;
		};
		4B4CB5B52486B31A005C5428 /* PBXTargetDependency */ = {
			isa = PBXTargetDependency;
			target = 4B55D92D24751DD300CE8C38 /* nihtest */;
			targetProxy = 4B4CB5B42486B31A005C5428 /* PBXContainerItemProxy */;
		};
		4B4CB5B72486B31A005C5428 /* PBXTargetDependency */ = {
			isa = PBXTargetDependency;
			target = 4B4CB5A22486B2E5005C5428 /* true */;
			targetProxy = 4B4CB5B62486B31A005C5428 /* PBXContainerItemProxy */;
		};
/* End PBXTargetDependency section */

/* Begin XCBuildConfiguration section */
		4B4CB5952486B2AA005C5428 /* Debug */ = {
			isa = XCBuildConfiguration;
			buildSettings = {
				CLANG_CXX_LANGUAGE_STANDARD = "gnu++14";
				CODE_SIGN_STYLE = Automatic;
				DEVELOPMENT_TEAM = F27CVJNWXK;
				ENABLE_HARDENED_RUNTIME = YES;
				GCC_C_LANGUAGE_STANDARD = gnu11;
				PRODUCT_NAME = "$(TARGET_NAME)";
			};
			name = Debug;
		};
		4B4CB5962486B2AA005C5428 /* Release */ = {
			isa = XCBuildConfiguration;
			buildSettings = {
				CLANG_CXX_LANGUAGE_STANDARD = "gnu++14";
				CODE_SIGN_STYLE = Automatic;
				DEVELOPMENT_TEAM = F27CVJNWXK;
				ENABLE_HARDENED_RUNTIME = YES;
				GCC_C_LANGUAGE_STANDARD = gnu11;
				PRODUCT_NAME = "$(TARGET_NAME)";
			};
			name = Release;
		};
		4B4CB59E2486B2D1005C5428 /* Debug */ = {
			isa = XCBuildConfiguration;
			buildSettings = {
				CLANG_CXX_LANGUAGE_STANDARD = "gnu++14";
				CODE_SIGN_STYLE = Automatic;
				DEVELOPMENT_TEAM = F27CVJNWXK;
				ENABLE_HARDENED_RUNTIME = YES;
				GCC_C_LANGUAGE_STANDARD = gnu11;
				PRODUCT_NAME = "$(TARGET_NAME)";
			};
			name = Debug;
		};
		4B4CB59F2486B2D1005C5428 /* Release */ = {
			isa = XCBuildConfiguration;
			buildSettings = {
				CLANG_CXX_LANGUAGE_STANDARD = "gnu++14";
				CODE_SIGN_STYLE = Automatic;
				DEVELOPMENT_TEAM = F27CVJNWXK;
				ENABLE_HARDENED_RUNTIME = YES;
				GCC_C_LANGUAGE_STANDARD = gnu11;
				PRODUCT_NAME = "$(TARGET_NAME)";
			};
			name = Release;
		};
		4B4CB5A82486B2E5005C5428 /* Debug */ = {
			isa = XCBuildConfiguration;
			buildSettings = {
				CLANG_CXX_LANGUAGE_STANDARD = "gnu++14";
				CODE_SIGN_STYLE = Automatic;
				DEVELOPMENT_TEAM = F27CVJNWXK;
				ENABLE_HARDENED_RUNTIME = YES;
				GCC_C_LANGUAGE_STANDARD = gnu11;
				PRODUCT_NAME = "$(TARGET_NAME)";
			};
			name = Debug;
		};
		4B4CB5A92486B2E5005C5428 /* Release */ = {
			isa = XCBuildConfiguration;
			buildSettings = {
				CLANG_CXX_LANGUAGE_STANDARD = "gnu++14";
				CODE_SIGN_STYLE = Automatic;
				DEVELOPMENT_TEAM = F27CVJNWXK;
				ENABLE_HARDENED_RUNTIME = YES;
				GCC_C_LANGUAGE_STANDARD = gnu11;
				PRODUCT_NAME = "$(TARGET_NAME)";
			};
			name = Release;
		};
		4B4CB5AE2486B309005C5428 /* Debug */ = {
			isa = XCBuildConfiguration;
			buildSettings = {
				CODE_SIGN_STYLE = Automatic;
				DEVELOPMENT_TEAM = F27CVJNWXK;
				PRODUCT_NAME = "$(TARGET_NAME)";
			};
			name = Debug;
		};
		4B4CB5AF2486B309005C5428 /* Release */ = {
			isa = XCBuildConfiguration;
			buildSettings = {
				CODE_SIGN_STYLE = Automatic;
				DEVELOPMENT_TEAM = F27CVJNWXK;
				PRODUCT_NAME = "$(TARGET_NAME)";
			};
			name = Release;
		};
		4B55D93324751DD300CE8C38 /* Debug */ = {
			isa = XCBuildConfiguration;
			buildSettings = {
				ALWAYS_SEARCH_USER_PATHS = NO;
				CLANG_ANALYZER_NONNULL = YES;
				CLANG_ANALYZER_NUMBER_OBJECT_CONVERSION = YES_AGGRESSIVE;
				CLANG_CXX_LANGUAGE_STANDARD = "c++14";
				CLANG_CXX_LIBRARY = "libc++";
				CLANG_ENABLE_MODULES = YES;
				CLANG_ENABLE_OBJC_ARC = YES;
				CLANG_ENABLE_OBJC_WEAK = YES;
				CLANG_WARN_BLOCK_CAPTURE_AUTORELEASING = YES;
				CLANG_WARN_BOOL_CONVERSION = YES;
				CLANG_WARN_COMMA = YES;
				CLANG_WARN_CONSTANT_CONVERSION = YES;
				CLANG_WARN_DEPRECATED_OBJC_IMPLEMENTATIONS = YES;
				CLANG_WARN_DIRECT_OBJC_ISA_USAGE = YES_ERROR;
				CLANG_WARN_DOCUMENTATION_COMMENTS = YES;
				CLANG_WARN_EMPTY_BODY = YES;
				CLANG_WARN_ENUM_CONVERSION = YES;
				CLANG_WARN_INFINITE_RECURSION = YES;
				CLANG_WARN_INT_CONVERSION = YES;
				CLANG_WARN_NON_LITERAL_NULL_CONVERSION = YES;
				CLANG_WARN_OBJC_IMPLICIT_RETAIN_SELF = YES;
				CLANG_WARN_OBJC_LITERAL_CONVERSION = YES;
				CLANG_WARN_OBJC_ROOT_CLASS = YES_ERROR;
				CLANG_WARN_RANGE_LOOP_ANALYSIS = YES;
				CLANG_WARN_STRICT_PROTOTYPES = YES;
				CLANG_WARN_SUSPICIOUS_MOVE = YES;
				CLANG_WARN_UNGUARDED_AVAILABILITY = YES_AGGRESSIVE;
				CLANG_WARN_UNREACHABLE_CODE = YES;
				CLANG_WARN__DUPLICATE_METHOD_MATCH = YES;
				COPY_PHASE_STRIP = NO;
				DEBUG_INFORMATION_FORMAT = dwarf;
				ENABLE_STRICT_OBJC_MSGSEND = YES;
				ENABLE_TESTABILITY = YES;
				GCC_C_LANGUAGE_STANDARD = c99;
				GCC_DYNAMIC_NO_PIC = NO;
				GCC_NO_COMMON_BLOCKS = YES;
				GCC_OPTIMIZATION_LEVEL = 0;
				GCC_PREPROCESSOR_DEFINITIONS = (
					"DEBUG=1",
					"$(inherited)",
				);
				GCC_WARN_64_TO_32_BIT_CONVERSION = YES;
				GCC_WARN_ABOUT_RETURN_TYPE = YES_ERROR;
				GCC_WARN_UNDECLARED_SELECTOR = YES;
				GCC_WARN_UNINITIALIZED_AUTOS = YES_AGGRESSIVE;
				GCC_WARN_UNUSED_FUNCTION = YES;
				GCC_WARN_UNUSED_VARIABLE = YES;
				HEADER_SEARCH_PATHS = .;
				MACOSX_DEPLOYMENT_TARGET = 10.15;
				MTL_ENABLE_DEBUG_INFO = INCLUDE_SOURCE;
				MTL_FAST_MATH = YES;
				ONLY_ACTIVE_ARCH = YES;
				SDKROOT = macosx;
			};
			name = Debug;
		};
		4B55D93424751DD300CE8C38 /* Release */ = {
			isa = XCBuildConfiguration;
			buildSettings = {
				ALWAYS_SEARCH_USER_PATHS = NO;
				CLANG_ANALYZER_NONNULL = YES;
				CLANG_ANALYZER_NUMBER_OBJECT_CONVERSION = YES_AGGRESSIVE;
				CLANG_CXX_LANGUAGE_STANDARD = "c++14";
				CLANG_CXX_LIBRARY = "libc++";
				CLANG_ENABLE_MODULES = YES;
				CLANG_ENABLE_OBJC_ARC = YES;
				CLANG_ENABLE_OBJC_WEAK = YES;
				CLANG_WARN_BLOCK_CAPTURE_AUTORELEASING = YES;
				CLANG_WARN_BOOL_CONVERSION = YES;
				CLANG_WARN_COMMA = YES;
				CLANG_WARN_CONSTANT_CONVERSION = YES;
				CLANG_WARN_DEPRECATED_OBJC_IMPLEMENTATIONS = YES;
				CLANG_WARN_DIRECT_OBJC_ISA_USAGE = YES_ERROR;
				CLANG_WARN_DOCUMENTATION_COMMENTS = YES;
				CLANG_WARN_EMPTY_BODY = YES;
				CLANG_WARN_ENUM_CONVERSION = YES;
				CLANG_WARN_INFINITE_RECURSION = YES;
				CLANG_WARN_INT_CONVERSION = YES;
				CLANG_WARN_NON_LITERAL_NULL_CONVERSION = YES;
				CLANG_WARN_OBJC_IMPLICIT_RETAIN_SELF = YES;
				CLANG_WARN_OBJC_LITERAL_CONVERSION = YES;
				CLANG_WARN_OBJC_ROOT_CLASS = YES_ERROR;
				CLANG_WARN_RANGE_LOOP_ANALYSIS = YES;
				CLANG_WARN_STRICT_PROTOTYPES = YES;
				CLANG_WARN_SUSPICIOUS_MOVE = YES;
				CLANG_WARN_UNGUARDED_AVAILABILITY = YES_AGGRESSIVE;
				CLANG_WARN_UNREACHABLE_CODE = YES;
				CLANG_WARN__DUPLICATE_METHOD_MATCH = YES;
				COPY_PHASE_STRIP = NO;
				DEBUG_INFORMATION_FORMAT = "dwarf-with-dsym";
				ENABLE_NS_ASSERTIONS = NO;
				ENABLE_STRICT_OBJC_MSGSEND = YES;
				GCC_C_LANGUAGE_STANDARD = c99;
				GCC_NO_COMMON_BLOCKS = YES;
				GCC_WARN_64_TO_32_BIT_CONVERSION = YES;
				GCC_WARN_ABOUT_RETURN_TYPE = YES_ERROR;
				GCC_WARN_UNDECLARED_SELECTOR = YES;
				GCC_WARN_UNINITIALIZED_AUTOS = YES_AGGRESSIVE;
				GCC_WARN_UNUSED_FUNCTION = YES;
				GCC_WARN_UNUSED_VARIABLE = YES;
				HEADER_SEARCH_PATHS = .;
				MACOSX_DEPLOYMENT_TARGET = 10.15;
				MTL_ENABLE_DEBUG_INFO = NO;
				MTL_FAST_MATH = YES;
				SDKROOT = macosx;
			};
			name = Release;
		};
		4B55D93624751DD300CE8C38 /* Debug */ = {
			isa = XCBuildConfiguration;
			buildSettings = {
				CODE_SIGN_IDENTITY = "-";
				CODE_SIGN_STYLE = Automatic;
				DEVELOPMENT_TEAM = F27CVJNWXK;
				ENABLE_HARDENED_RUNTIME = YES;
				PRODUCT_NAME = "$(TARGET_NAME)";
			};
			name = Debug;
		};
		4B55D93724751DD300CE8C38 /* Release */ = {
			isa = XCBuildConfiguration;
			buildSettings = {
				CODE_SIGN_IDENTITY = "-";
				CODE_SIGN_STYLE = Automatic;
				DEVELOPMENT_TEAM = F27CVJNWXK;
				ENABLE_HARDENED_RUNTIME = YES;
				PRODUCT_NAME = "$(TARGET_NAME)";
			};
			name = Release;
		};
/* End XCBuildConfiguration section */

/* Begin XCConfigurationList section */
		4B4CB5942486B2AA005C5428 /* Build configuration list for PBXNativeTarget "echo" */ = {
			isa = XCConfigurationList;
			buildConfigurations = (
				4B4CB5952486B2AA005C5428 /* Debug */,
				4B4CB5962486B2AA005C5428 /* Release */,
			);
			defaultConfigurationIsVisible = 0;
			defaultConfigurationName = Release;
		};
		4B4CB59D2486B2D1005C5428 /* Build configuration list for PBXNativeTarget "false" */ = {
			isa = XCConfigurationList;
			buildConfigurations = (
				4B4CB59E2486B2D1005C5428 /* Debug */,
				4B4CB59F2486B2D1005C5428 /* Release */,
			);
			defaultConfigurationIsVisible = 0;
			defaultConfigurationName = Release;
		};
		4B4CB5A72486B2E5005C5428 /* Build configuration list for PBXNativeTarget "true" */ = {
			isa = XCConfigurationList;
			buildConfigurations = (
				4B4CB5A82486B2E5005C5428 /* Debug */,
				4B4CB5A92486B2E5005C5428 /* Release */,
			);
			defaultConfigurationIsVisible = 0;
			defaultConfigurationName = Release;
		};
		4B4CB5AD2486B309005C5428 /* Build configuration list for PBXAggregateTarget "all" */ = {
			isa = XCConfigurationList;
			buildConfigurations = (
				4B4CB5AE2486B309005C5428 /* Debug */,
				4B4CB5AF2486B309005C5428 /* Release */,
			);
			defaultConfigurationIsVisible = 0;
			defaultConfigurationName = Release;
		};
		4B55D92924751DD300CE8C38 /* Build configuration list for PBXProject "NiHTest" */ = {
			isa = XCConfigurationList;
			buildConfigurations = (
				4B55D93324751DD300CE8C38 /* Debug */,
				4B55D93424751DD300CE8C38 /* Release */,
			);
			defaultConfigurationIsVisible = 0;
			defaultConfigurationName = Release;
		};
		4B55D93524751DD300CE8C38 /* Build configuration list for PBXNativeTarget "nihtest" */ = {
			isa = XCConfigurationList;
			buildConfigurations = (
				4B55D93624751DD300CE8C38 /* Debug */,
				4B55D93724751DD300CE8C38 /* Release */,
			);
			defaultConfigurationIsVisible = 0;
			defaultConfigurationName = Release;
		};
/* End XCConfigurationList section */
	};
	rootObject = 4B55D92624751DD300CE8C38 /* Project object */;
}
